
Microsoft Visual Studio Solution File, Format Version 12.00
# Visual Studio Version 16
VisualStudioVersion = 16.0.31205.134
MinimumVisualStudioVersion = 10.0.40219.1
Project("{8BC9CEB8-8B4A-11D0-8D11-00A0C91BC942}") = "14_koukiseisaku_touwa_higa", "14_koukiseisaku_touwa_higa.vcxproj", "{3C1739A3-B61D-4FC6-BAFC-24721A02E78A}"
EndProject
Global
	GlobalSection(SolutionConfigurationPlatforms) = preSolution
		Debug|x64 = Debug|x64
		Debug|x86 = Debug|x86
		Release|x64 = Release|x64
		Release|x86 = Release|x86
	EndGlobalSection
	GlobalSection(ProjectConfigurationPlatforms) = postSolution
		{3C1739A3-B61D-4FC6-BAFC-24721A02E78A}.Debug|x64.ActiveCfg = Debug|x64
		{3C1739A3-B61D-4FC6-BAFC-24721A02E78A}.Debug|x64.Build.0 = Debug|x64
		{3C1739A3-B61D-4FC6-BAFC-24721A02E78A}.Debug|x86.ActiveCfg = Debug|Win32
		{3C1739A3-B61D-4FC6-BAFC-24721A02E78A}.Debug|x86.Build.0 = Debug|Win32
		{3C1739A3-B61D-4FC6-BAFC-24721A02E78A}.Release|x64.ActiveCfg = Release|x64
		{3C1739A3-B61D-4FC6-BAFC-24721A02E78A}.Release|x64.Build.0 = Release|x64
		{3C1739A3-B61D-4FC6-BAFC-24721A02E78A}.Release|x86.ActiveCfg = Release|Win32
		{3C1739A3-B61D-4FC6-BAFC-24721A02E78A}.Release|x86.Build.0 = Release|Win32
	EndGlobalSection
	GlobalSection(SolutionProperties) = preSolution
		HideSolutionNode = FALSE
	EndGlobalSection
	GlobalSection(ExtensibilityGlobals) = postSolution
		SolutionGuid = {FEA204F9-BA9A-4C13-84C6-F60790930F9B}
	EndGlobalSection
EndGlobal
